
Microsoft Visual Studio Solution File, Format Version 12.00
# Visual Studio Version 16
VisualStudioVersion = 16.0.29001.49
MinimumVisualStudioVersion = 10.0.40219.1
Project("{9A19103F-16F7-4668-BE54-9A1E7A4F7556}") = "KillWpfDesigner", "KillWpfDesigner\KillWpfDesigner.csproj", "{92CC0EEF-B98B-45C3-A3F4-98960EA13582}"
EndProject
Global
	GlobalSection(SolutionConfigurationPlatforms) = preSolution
		Debug|Any CPU = Debug|Any CPU
		Release|Any CPU = Release|Any CPU
	EndGlobalSection
	GlobalSection(ProjectConfigurationPlatforms) = postSolution
		{92CC0EEF-B98B-45C3-A3F4-98960EA13582}.Debug|Any CPU.ActiveCfg = Debug|Any CPU
		{92CC0EEF-B98B-45C3-A3F4-98960EA13582}.Debug|Any CPU.Build.0 = Debug|Any CPU
		{92CC0EEF-B98B-45C3-A3F4-98960EA13582}.Release|Any CPU.ActiveCfg = Release|Any CPU
		{92CC0EEF-B98B-45C3-A3F4-98960EA13582}.Release|Any CPU.Build.0 = Release|Any CPU
	EndGlobalSection
	GlobalSection(SolutionProperties) = preSolution
		HideSolutionNode = FALSE
	EndGlobalSection
	GlobalSection(ExtensibilityGlobals) = postSolution
		SolutionGuid = {0B0DBDB1-36AC-4950-B6F1-32B41BC57B28}
	EndGlobalSection
EndGlobal
